
Microsoft Visual Studio Solution File, Format Version 12.00
# Visual Studio Version 17
VisualStudioVersion = 17.0.31903.59
MinimumVisualStudioVersion = 10.0.40219.1
Project("{2150E333-8FDC-42A3-9474-1A3956D46DE8}") = "src", "src", "{827E0CD3-B72D-47B6-A68D-7590B98EB39B}"
EndProject
Project("{FAE04EC0-301F-11D3-BF4B-00C04F79EFBC}") = "AzureAISearchSimulator.Api", "src\AzureAISearchSimulator.Api\AzureAISearchSimulator.Api.csproj", "{BF144C0F-CDDA-4B34-9B33-4F0D6E24EBF9}"
EndProject
Project("{FAE04EC0-301F-11D3-BF4B-00C04F79EFBC}") = "AzureAISearchSimulator.Core", "src\AzureAISearchSimulator.Core\AzureAISearchSimulator.Core.csproj", "{3699B00F-81B4-42E4-A4EA-D478EF16145E}"
EndProject
Project("{FAE04EC0-301F-11D3-BF4B-00C04F79EFBC}") = "AzureAISearchSimulator.Search", "src\AzureAISearchSimulator.Search\AzureAISearchSimulator.Search.csproj", "{50BF3C59-07A2-41FD-8D9F-F585732A1DEE}"
EndProject
Project("{FAE04EC0-301F-11D3-BF4B-00C04F79EFBC}") = "AzureAISearchSimulator.DataSources", "src\AzureAISearchSimulator.DataSources\AzureAISearchSimulator.DataSources.csproj", "{271FBBFE-97AA-4B98-806F-BB0974270446}"
EndProject
Project("{FAE04EC0-301F-11D3-BF4B-00C04F79EFBC}") = "AzureAISearchSimulator.Storage", "src\AzureAISearchSimulator.Storage\AzureAISearchSimulator.Storage.csproj", "{C6FE784A-9217-4923-863B-603CF5540A17}"
EndProject
Project("{2150E333-8FDC-42A3-9474-1A3956D46DE8}") = "tests", "tests", "{0AB3BF05-4346-4AA6-1389-037BE0695223}"
EndProject
Project("{FAE04EC0-301F-11D3-BF4B-00C04F79EFBC}") = "AzureAISearchSimulator.Api.Tests", "tests\AzureAISearchSimulator.Api.Tests\AzureAISearchSimulator.Api.Tests.csproj", "{F1EE3827-002C-4D27-A5F8-6C319C18D409}"
EndProject
Project("{FAE04EC0-301F-11D3-BF4B-00C04F79EFBC}") = "AzureAISearchSimulator.Core.Tests", "tests\AzureAISearchSimulator.Core.Tests\AzureAISearchSimulator.Core.Tests.csproj", "{823DB9A8-4BCC-4BE7-8E96-166BAA49A65B}"
EndProject
Project("{FAE04EC0-301F-11D3-BF4B-00C04F79EFBC}") = "AzureAISearchSimulator.Integration.Tests", "tests\AzureAISearchSimulator.Integration.Tests\AzureAISearchSimulator.Integration.Tests.csproj", "{A955F5BF-A0B0-48A3-B41F-828FA30C5200}"
EndProject
Project("{FAE04EC0-301F-11D3-BF4B-00C04F79EFBC}") = "AzureAISearchSimulator.Portal", "src\AzureAISearchSimulator.Portal\AzureAISearchSimulator.Portal.csproj", "{9F03112A-9A3E-401B-8F52-FEB40BEF4EAA}"
EndProject
Project("{FAE04EC0-301F-11D3-BF4B-00C04F79EFBC}") = "AzureAISearchSimulator.ServiceDefaults", "src\AzureAISearchSimulator.ServiceDefaults\AzureAISearchSimulator.ServiceDefaults.csproj", "{D2E1F331-018C-4914-B791-96CE7C46435F}"
EndProject
Project("{FAE04EC0-301F-11D3-BF4B-00C04F79EFBC}") = "AzureAISearchSimulator.AppHost", "src\AzureAISearchSimulator.AppHost\AzureAISearchSimulator.AppHost.csproj", "{557113A6-8338-4839-B8DE-CDC788D5B0EA}"
EndProject
Global
	GlobalSection(SolutionConfigurationPlatforms) = preSolution
		Debug|Any CPU = Debug|Any CPU
		Debug|x64 = Debug|x64
		Debug|x86 = Debug|x86
		Release|Any CPU = Release|Any CPU
		Release|x64 = Release|x64
		Release|x86 = Release|x86
	EndGlobalSection
	GlobalSection(ProjectConfigurationPlatforms) = postSolution
		{BF144C0F-CDDA-4B34-9B33-4F0D6E24EBF9}.Debug|Any CPU.ActiveCfg = Debug|Any CPU
		{BF144C0F-CDDA-4B34-9B33-4F0D6E24EBF9}.Debug|Any CPU.Build.0 = Debug|Any CPU
		{BF144C0F-CDDA-4B34-9B33-4F0D6E24EBF9}.Debug|x64.ActiveCfg = Debug|Any CPU
		{BF144C0F-CDDA-4B34-9B33-4F0D6E24EBF9}.Debug|x64.Build.0 = Debug|Any CPU
		{BF144C0F-CDDA-4B34-9B33-4F0D6E24EBF9}.Debug|x86.ActiveCfg = Debug|Any CPU
		{BF144C0F-CDDA-4B34-9B33-4F0D6E24EBF9}.Debug|x86.Build.0 = Debug|Any CPU
		{BF144C0F-CDDA-4B34-9B33-4F0D6E24EBF9}.Release|Any CPU.ActiveCfg = Release|Any CPU
		{BF144C0F-CDDA-4B34-9B33-4F0D6E24EBF9}.Release|Any CPU.Build.0 = Release|Any CPU
		{BF144C0F-CDDA-4B34-9B33-4F0D6E24EBF9}.Release|x64.ActiveCfg = Release|Any CPU
		{BF144C0F-CDDA-4B34-9B33-4F0D6E24EBF9}.Release|x64.Build.0 = Release|Any CPU
		{BF144C0F-CDDA-4B34-9B33-4F0D6E24EBF9}.Release|x86.ActiveCfg = Release|Any CPU
		{BF144C0F-CDDA-4B34-9B33-4F0D6E24EBF9}.Release|x86.Build.0 = Release|Any CPU
		{3699B00F-81B4-42E4-A4EA-D478EF16145E}.Debug|Any CPU.ActiveCfg = Debug|Any CPU
		{3699B00F-81B4-42E4-A4EA-D478EF16145E}.Debug|Any CPU.Build.0 = Debug|Any CPU
		{3699B00F-81B4-42E4-A4EA-D478EF16145E}.Debug|x64.ActiveCfg = Debug|Any CPU
		{3699B00F-81B4-42E4-A4EA-D478EF16145E}.Debug|x64.Build.0 = Debug|Any CPU
		{3699B00F-81B4-42E4-A4EA-D478EF16145E}.Debug|x86.ActiveCfg = Debug|Any CPU
		{3699B00F-81B4-42E4-A4EA-D478EF16145E}.Debug|x86.Build.0 = Debug|Any CPU
		{3699B00F-81B4-42E4-A4EA-D478EF16145E}.Release|Any CPU.ActiveCfg = Release|Any CPU
		{3699B00F-81B4-42E4-A4EA-D478EF16145E}.Release|Any CPU.Build.0 = Release|Any CPU
		{3699B00F-81B4-42E4-A4EA-D478EF16145E}.Release|x64.ActiveCfg = Release|Any CPU
		{3699B00F-81B4-42E4-A4EA-D478EF16145E}.Release|x64.Build.0 = Release|Any CPU
		{3699B00F-81B4-42E4-A4EA-D478EF16145E}.Release|x86.ActiveCfg = Release|Any CPU
		{3699B00F-81B4-42E4-A4EA-D478EF16145E}.Release|x86.Build.0 = Release|Any CPU
		{50BF3C59-07A2-41FD-8D9F-F585732A1DEE}.Debug|Any CPU.ActiveCfg = Debug|Any CPU
		{50BF3C59-07A2-41FD-8D9F-F585732A1DEE}.Debug|Any CPU.Build.0 = Debug|Any CPU
		{50BF3C59-07A2-41FD-8D9F-F585732A1DEE}.Debug|x64.ActiveCfg = Debug|Any CPU
		{50BF3C59-07A2-41FD-8D9F-F585732A1DEE}.Debug|x64.Build.0 = Debug|Any CPU
		{50BF3C59-07A2-41FD-8D9F-F585732A1DEE}.Debug|x86.ActiveCfg = Debug|Any CPU
		{50BF3C59-07A2-41FD-8D9F-F585732A1DEE}.Debug|x86.Build.0 = Debug|Any CPU
		{50BF3C59-07A2-41FD-8D9F-F585732A1DEE}.Release|Any CPU.ActiveCfg = Release|Any CPU
		{50BF3C59-07A2-41FD-8D9F-F585732A1DEE}.Release|Any CPU.Build.0 = Release|Any CPU
		{50BF3C59-07A2-41FD-8D9F-F585732A1DEE}.Release|x64.ActiveCfg = Release|Any CPU
		{50BF3C59-07A2-41FD-8D9F-F585732A1DEE}.Release|x64.Build.0 = Release|Any CPU
		{50BF3C59-07A2-41FD-8D9F-F585732A1DEE}.Release|x86.ActiveCfg = Release|Any CPU
		{50BF3C59-07A2-41FD-8D9F-F585732A1DEE}.Release|x86.Build.0 = Release|Any CPU
		{271FBBFE-97AA-4B98-806F-BB0974270446}.Debug|Any CPU.ActiveCfg = Debug|Any CPU
		{271FBBFE-97AA-4B98-806F-BB0974270446}.Debug|Any CPU.Build.0 = Debug|Any CPU
		{271FBBFE-97AA-4B98-806F-BB0974270446}.Debug|x64.ActiveCfg = Debug|Any CPU
		{271FBBFE-97AA-4B98-806F-BB0974270446}.Debug|x64.Build.0 = Debug|Any CPU
		{271FBBFE-97AA-4B98-806F-BB0974270446}.Debug|x86.ActiveCfg = Debug|Any CPU
		{271FBBFE-97AA-4B98-806F-BB0974270446}.Debug|x86.Build.0 = Debug|Any CPU
		{271FBBFE-97AA-4B98-806F-BB0974270446}.Release|Any CPU.ActiveCfg = Release|Any CPU
		{271FBBFE-97AA-4B98-806F-BB0974270446}.Release|Any CPU.Build.0 = Release|Any CPU
		{271FBBFE-97AA-4B98-806F-BB0974270446}.Release|x64.ActiveCfg = Release|Any CPU
		{271FBBFE-97AA-4B98-806F-BB0974270446}.Release|x64.Build.0 = Release|Any CPU
		{271FBBFE-97AA-4B98-806F-BB0974270446}.Release|x86.ActiveCfg = Release|Any CPU
		{271FBBFE-97AA-4B98-806F-BB0974270446}.Release|x86.Build.0 = Release|Any CPU
		{C6FE784A-9217-4923-863B-603CF5540A17}.Debug|Any CPU.ActiveCfg = Debug|Any CPU
		{C6FE784A-9217-4923-863B-603CF5540A17}.Debug|Any CPU.Build.0 = Debug|Any CPU
		{C6FE784A-9217-4923-863B-603CF5540A17}.Debug|x64.ActiveCfg = Debug|Any CPU
		{C6FE784A-9217-4923-863B-603CF5540A17}.Debug|x64.Build.0 = Debug|Any CPU
		{C6FE784A-9217-4923-863B-603CF5540A17}.Debug|x86.ActiveCfg = Debug|Any CPU
		{C6FE784A-9217-4923-863B-603CF5540A17}.Debug|x86.Build.0 = Debug|Any CPU
		{C6FE784A-9217-4923-863B-603CF5540A17}.Release|Any CPU.ActiveCfg = Release|Any CPU
		{C6FE784A-9217-4923-863B-603CF5540A17}.Release|Any CPU.Build.0 = Release|Any CPU
		{C6FE784A-9217-4923-863B-603CF5540A17}.Release|x64.ActiveCfg = Release|Any CPU
		{C6FE784A-9217-4923-863B-603CF5540A17}.Release|x64.Build.0 = Release|Any CPU
		{C6FE784A-9217-4923-863B-603CF5540A17}.Release|x86.ActiveCfg = Release|Any CPU
		{C6FE784A-9217-4923-863B-603CF5540A17}.Release|x86.Build.0 = Release|Any CPU
		{F1EE3827-002C-4D27-A5F8-6C319C18D409}.Debug|Any CPU.ActiveCfg = Debug|Any CPU
		{F1EE3827-002C-4D27-A5F8-6C319C18D409}.Debug|Any CPU.Build.0 = Debug|Any CPU
		{F1EE3827-002C-4D27-A5F8-6C319C18D409}.Debug|x64.ActiveCfg = Debug|Any CPU
		{F1EE3827-002C-4D27-A5F8-6C319C18D409}.Debug|x64.Build.0 = Debug|Any CPU
		{F1EE3827-002C-4D27-A5F8-6C319C18D409}.Debug|x86.ActiveCfg = Debug|Any CPU
		{F1EE3827-002C-4D27-A5F8-6C319C18D409}.Debug|x86.Build.0 = Debug|Any CPU
		{F1EE3827-002C-4D27-A5F8-6C319C18D409}.Release|Any CPU.ActiveCfg = Release|Any CPU
		{F1EE3827-002C-4D27-A5F8-6C319C18D409}.Release|Any CPU.Build.0 = Release|Any CPU
		{F1EE3827-002C-4D27-A5F8-6C319C18D409}.Release|x64.ActiveCfg = Release|Any CPU
		{F1EE3827-002C-4D27-A5F8-6C319C18D409}.Release|x64.Build.0 = Release|Any CPU
		{F1EE3827-002C-4D27-A5F8-6C319C18D409}.Release|x86.ActiveCfg = Release|Any CPU
		{F1EE3827-002C-4D27-A5F8-6C319C18D409}.Release|x86.Build.0 = Release|Any CPU
		{823DB9A8-4BCC-4BE7-8E96-166BAA49A65B}.Debug|Any CPU.ActiveCfg = Debug|Any CPU
		{823DB9A8-4BCC-4BE7-8E96-166BAA49A65B}.Debug|Any CPU.Build.0 = Debug|Any CPU
		{823DB9A8-4BCC-4BE7-8E96-166BAA49A65B}.Debug|x64.ActiveCfg = Debug|Any CPU
		{823DB9A8-4BCC-4BE7-8E96-166BAA49A65B}.Debug|x64.Build.0 = Debug|Any CPU
		{823DB9A8-4BCC-4BE7-8E96-166BAA49A65B}.Debug|x86.ActiveCfg = Debug|Any CPU
		{823DB9A8-4BCC-4BE7-8E96-166BAA49A65B}.Debug|x86.Build.0 = Debug|Any CPU
		{823DB9A8-4BCC-4BE7-8E96-166BAA49A65B}.Release|Any CPU.ActiveCfg = Release|Any CPU
		{823DB9A8-4BCC-4BE7-8E96-166BAA49A65B}.Release|Any CPU.Build.0 = Release|Any CPU
		{823DB9A8-4BCC-4BE7-8E96-166BAA49A65B}.Release|x64.ActiveCfg = Release|Any CPU
		{823DB9A8-4BCC-4BE7-8E96-166BAA49A65B}.Release|x64.Build.0 = Release|Any CPU
		{823DB9A8-4BCC-4BE7-8E96-166BAA49A65B}.Release|x86.ActiveCfg = Release|Any CPU
		{823DB9A8-4BCC-4BE7-8E96-166BAA49A65B}.Release|x86.Build.0 = Release|Any CPU
		{A955F5BF-A0B0-48A3-B41F-828FA30C5200}.Debug|Any CPU.ActiveCfg = Debug|Any CPU
		{A955F5BF-A0B0-48A3-B41F-828FA30C5200}.Debug|Any CPU.Build.0 = Debug|Any CPU
		{A955F5BF-A0B0-48A3-B41F-828FA30C5200}.Debug|x64.ActiveCfg = Debug|Any CPU
		{A955F5BF-A0B0-48A3-B41F-828FA30C5200}.Debug|x64.Build.0 = Debug|Any CPU
		{A955F5BF-A0B0-48A3-B41F-828FA30C5200}.Debug|x86.ActiveCfg = Debug|Any CPU
		{A955F5BF-A0B0-48A3-B41F-828FA30C5200}.Debug|x86.Build.0 = Debug|Any CPU
		{A955F5BF-A0B0-48A3-B41F-828FA30C5200}.Release|Any CPU.ActiveCfg = Release|Any CPU
		{A955F5BF-A0B0-48A3-B41F-828FA30C5200}.Release|Any CPU.Build.0 = Release|Any CPU
		{A955F5BF-A0B0-48A3-B41F-828FA30C5200}.Release|x64.ActiveCfg = Release|Any CPU
		{A955F5BF-A0B0-48A3-B41F-828FA30C5200}.Release|x64.Build.0 = Release|Any CPU
		{A955F5BF-A0B0-48A3-B41F-828FA30C5200}.Release|x86.ActiveCfg = Release|Any CPU
		{A955F5BF-A0B0-48A3-B41F-828FA30C5200}.Release|x86.Build.0 = Release|Any CPU
		{9F03112A-9A3E-401B-8F52-FEB40BEF4EAA}.Debug|Any CPU.ActiveCfg = Debug|Any CPU
		{9F03112A-9A3E-401B-8F52-FEB40BEF4EAA}.Debug|Any CPU.Build.0 = Debug|Any CPU
		{9F03112A-9A3E-401B-8F52-FEB40BEF4EAA}.Debug|x64.ActiveCfg = Debug|Any CPU
		{9F03112A-9A3E-401B-8F52-FEB40BEF4EAA}.Debug|x64.Build.0 = Debug|Any CPU
		{9F03112A-9A3E-401B-8F52-FEB40BEF4EAA}.Debug|x86.ActiveCfg = Debug|Any CPU
		{9F03112A-9A3E-401B-8F52-FEB40BEF4EAA}.Debug|x86.Build.0 = Debug|Any CPU
		{9F03112A-9A3E-401B-8F52-FEB40BEF4EAA}.Release|Any CPU.ActiveCfg = Release|Any CPU
		{9F03112A-9A3E-401B-8F52-FEB40BEF4EAA}.Release|Any CPU.Build.0 = Release|Any CPU
		{9F03112A-9A3E-401B-8F52-FEB40BEF4EAA}.Release|x64.ActiveCfg = Release|Any CPU
		{9F03112A-9A3E-401B-8F52-FEB40BEF4EAA}.Release|x64.Build.0 = Release|Any CPU
		{9F03112A-9A3E-401B-8F52-FEB40BEF4EAA}.Release|x86.ActiveCfg = Release|Any CPU
		{9F03112A-9A3E-401B-8F52-FEB40BEF4EAA}.Release|x86.Build.0 = Release|Any CPU
		{D2E1F331-018C-4914-B791-96CE7C46435F}.Debug|Any CPU.ActiveCfg = Debug|Any CPU
		{D2E1F331-018C-4914-B791-96CE7C46435F}.Debug|Any CPU.Build.0 = Debug|Any CPU
		{D2E1F331-018C-4914-B791-96CE7C46435F}.Debug|x64.ActiveCfg = Debug|Any CPU
		{D2E1F331-018C-4914-B791-96CE7C46435F}.Debug|x64.Build.0 = Debug|Any CPU
		{D2E1F331-018C-4914-B791-96CE7C46435F}.Debug|x86.ActiveCfg = Debug|Any CPU
		{D2E1F331-018C-4914-B791-96CE7C46435F}.Debug|x86.Build.0 = Debug|Any CPU
		{D2E1F331-018C-4914-B791-96CE7C46435F}.Release|Any CPU.ActiveCfg = Release|Any CPU
		{D2E1F331-018C-4914-B791-96CE7C46435F}.Release|Any CPU.Build.0 = Release|Any CPU
		{D2E1F331-018C-4914-B791-96CE7C46435F}.Release|x64.ActiveCfg = Release|Any CPU
		{D2E1F331-018C-4914-B791-96CE7C46435F}.Release|x64.Build.0 = Release|Any CPU
		{D2E1F331-018C-4914-B791-96CE7C46435F}.Release|x86.ActiveCfg = Release|Any CPU
		{D2E1F331-018C-4914-B791-96CE7C46435F}.Release|x86.Build.0 = Release|Any CPU
		{557113A6-8338-4839-B8DE-CDC788D5B0EA}.Debug|Any CPU.ActiveCfg = Debug|Any CPU
		{557113A6-8338-4839-B8DE-CDC788D5B0EA}.Debug|Any CPU.Build.0 = Debug|Any CPU
		{557113A6-8338-4839-B8DE-CDC788D5B0EA}.Debug|x64.ActiveCfg = Debug|Any CPU
		{557113A6-8338-4839-B8DE-CDC788D5B0EA}.Debug|x64.Build.0 = Debug|Any CPU
		{557113A6-8338-4839-B8DE-CDC788D5B0EA}.Debug|x86.ActiveCfg = Debug|Any CPU
		{557113A6-8338-4839-B8DE-CDC788D5B0EA}.Debug|x86.Build.0 = Debug|Any CPU
		{557113A6-8338-4839-B8DE-CDC788D5B0EA}.Release|Any CPU.ActiveCfg = Release|Any CPU
		{557113A6-8338-4839-B8DE-CDC788D5B0EA}.Release|Any CPU.Build.0 = Release|Any CPU
		{557113A6-8338-4839-B8DE-CDC788D5B0EA}.Release|x64.ActiveCfg = Release|Any CPU
		{557113A6-8338-4839-B8DE-CDC788D5B0EA}.Release|x64.Build.0 = Release|Any CPU
		{557113A6-8338-4839-B8DE-CDC788D5B0EA}.Release|x86.ActiveCfg = Release|Any CPU
		{557113A6-8338-4839-B8DE-CDC788D5B0EA}.Release|x86.Build.0 = Release|Any CPU
	EndGlobalSection
	GlobalSection(SolutionProperties) = preSolution
		HideSolutionNode = FALSE
	EndGlobalSection
	GlobalSection(NestedProjects) = preSolution
		{BF144C0F-CDDA-4B34-9B33-4F0D6E24EBF9} = {827E0CD3-B72D-47B6-A68D-7590B98EB39B}
		{3699B00F-81B4-42E4-A4EA-D478EF16145E} = {827E0CD3-B72D-47B6-A68D-7590B98EB39B}
		{50BF3C59-07A2-41FD-8D9F-F585732A1DEE} = {827E0CD3-B72D-47B6-A68D-7590B98EB39B}
		{271FBBFE-97AA-4B98-806F-BB0974270446} = {827E0CD3-B72D-47B6-A68D-7590B98EB39B}
		{C6FE784A-9217-4923-863B-603CF5540A17} = {827E0CD3-B72D-47B6-A68D-7590B98EB39B}
		{F1EE3827-002C-4D27-A5F8-6C319C18D409} = {0AB3BF05-4346-4AA6-1389-037BE0695223}
		{823DB9A8-4BCC-4BE7-8E96-166BAA49A65B} = {0AB3BF05-4346-4AA6-1389-037BE0695223}
		{A955F5BF-A0B0-48A3-B41F-828FA30C5200} = {0AB3BF05-4346-4AA6-1389-037BE0695223}
		{9F03112A-9A3E-401B-8F52-FEB40BEF4EAA} = {827E0CD3-B72D-47B6-A68D-7590B98EB39B}
		{D2E1F331-018C-4914-B791-96CE7C46435F} = {827E0CD3-B72D-47B6-A68D-7590B98EB39B}
		{557113A6-8338-4839-B8DE-CDC788D5B0EA} = {827E0CD3-B72D-47B6-A68D-7590B98EB39B}
	EndGlobalSection
EndGlobal
